
Microsoft Visual Studio Solution File, Format Version 12.00
# Visual Studio Version 16
VisualStudioVersion = 16.0.30413.136
MinimumVisualStudioVersion = 10.0.40219.1
Project("{9A19103F-16F7-4668-BE54-9A1E7A4F7556}") = "rover", "rover\rover.csproj", "{09A72791-639D-4095-AC8F-633516A4CF1C}"
EndProject
Project("{FAE04EC0-301F-11D3-BF4B-00C04F79EFBC}") = "RoverTest", "RoverTest\RoverTest.csproj", "{804230F1-37F3-45D9-AC79-D67C60639EC2}"
EndProject
Global
	GlobalSection(SolutionConfigurationPlatforms) = preSolution
		Debug|Any CPU = Debug|Any CPU
		Release|Any CPU = Release|Any CPU
	EndGlobalSection
	GlobalSection(ProjectConfigurationPlatforms) = postSolution
		{09A72791-639D-4095-AC8F-633516A4CF1C}.Debug|Any CPU.ActiveCfg = Debug|Any CPU
		{09A72791-639D-4095-AC8F-633516A4CF1C}.Debug|Any CPU.Build.0 = Debug|Any CPU
		{09A72791-639D-4095-AC8F-633516A4CF1C}.Release|Any CPU.ActiveCfg = Release|Any CPU
		{09A72791-639D-4095-AC8F-633516A4CF1C}.Release|Any CPU.Build.0 = Release|Any CPU
		{804230F1-37F3-45D9-AC79-D67C60639EC2}.Debug|Any CPU.ActiveCfg = Debug|Any CPU
		{804230F1-37F3-45D9-AC79-D67C60639EC2}.Debug|Any CPU.Build.0 = Debug|Any CPU
		{804230F1-37F3-45D9-AC79-D67C60639EC2}.Release|Any CPU.ActiveCfg = Release|Any CPU
		{804230F1-37F3-45D9-AC79-D67C60639EC2}.Release|Any CPU.Build.0 = Release|Any CPU
	EndGlobalSection
	GlobalSection(SolutionProperties) = preSolution
		HideSolutionNode = FALSE
	EndGlobalSection
	GlobalSection(ExtensibilityGlobals) = postSolution
		SolutionGuid = {1088AE5F-156F-497F-AE91-F4340EC26FEA}
	EndGlobalSection
EndGlobal
